
Microsoft Visual Studio Solution File, Format Version 12.00
# Visual Studio 15
VisualStudioVersion = 15.0.27004.2009
MinimumVisualStudioVersion = 10.0.40219.1
Project("{FAE04EC0-301F-11D3-BF4B-00C04F79EFBC}") = "TP 01", "TP 01\TP 01.csproj", "{C85E00C9-49D9-48FB-BBA6-695CA16C7DA7}"
EndProject
Project("{FAE04EC0-301F-11D3-BF4B-00C04F79EFBC}") = "TP 02", "TP 02\TP 02.csproj", "{6D9832AA-8E05-4C68-86CE-EA81187DA4F6}"
EndProject
Project("{FAE04EC0-301F-11D3-BF4B-00C04F79EFBC}") = "TP 02.2", "TP 02.2\TP 02.2.csproj", "{707314E3-98AF-4718-B51A-AF1BFD5A5C83}"
EndProject
Project("{FAE04EC0-301F-11D3-BF4B-00C04F79EFBC}") = "TP 02.3", "TP 02.3\TP 02.3.csproj", "{984A6496-A8C8-41AD-97EC-BC7753669459}"
EndProject
Project("{FAE04EC0-301F-11D3-BF4B-00C04F79EFBC}") = "TP 03", "TP 03\TP 03.csproj", "{06284261-703E-41B8-B579-17378DE53CE1}"
EndProject
Project("{FAE04EC0-301F-11D3-BF4B-00C04F79EFBC}") = "TP 03 Prof", "TP 03 Prof\TP 03 Prof.csproj", "{9192574D-A819-41B6-AB00-70B324AD5920}"
EndProject
Project("{FAE04EC0-301F-11D3-BF4B-00C04F79EFBC}") = "TP 04", "TP 04\TP 04.csproj", "{CF1079BC-0591-4DA6-90D8-32D4A44376F6}"
EndProject
Project("{FAE04EC0-301F-11D3-BF4B-00C04F79EFBC}") = "DM Toussaint", "DM Toussaint\DM Toussaint.csproj", "{88EE05FD-A115-4A9B-8FD4-39DA71D82571}"
EndProject
Project("{FAE04EC0-301F-11D3-BF4B-00C04F79EFBC}") = "TP du 06 11", "06 11\TP du 06 11.csproj", "{E85DBB85-BC0E-4D4B-9669-4DB971985B70}"
EndProject
Project("{FAE04EC0-301F-11D3-BF4B-00C04F79EFBC}") = "Collections", "collections\Collections.csproj", "{25BBED48-5D17-4EE8-9EAF-0D038C3C7EC3}"
EndProject
Project("{FAE04EC0-301F-11D3-BF4B-00C04F79EFBC}") = "TP 4.3", "TP 4.3\TP 4.3.csproj", "{4B9CBF13-79CD-4B74-85E1-69CB25D223F5}"
EndProject
Project("{FAE04EC0-301F-11D3-BF4B-00C04F79EFBC}") = "BibliothequeEtudiant", "BibliothequeEtudiant\BibliothequeEtudiant.csproj", "{196420C2-7100-488A-8CB9-AFCC83BA545C}"
EndProject
Project("{FAE04EC0-301F-11D3-BF4B-00C04F79EFBC}") = "BibliothequeEtudiantFonc", "BibliothequeEtudiantFonc\BibliothequeEtudiantFonc.csproj", "{40C14DD3-568D-4919-A47E-A815678D70D1}"
EndProject
Project("{FAE04EC0-301F-11D3-BF4B-00C04F79EFBC}") = "Bonhomme qui bouge", "Bonhomme qui bouge\Bonhomme qui bouge.csproj", "{C833FBCF-6102-44DA-990E-871C5F7AE7CD}"
EndProject
Project("{FAE04EC0-301F-11D3-BF4B-00C04F79EFBC}") = "Perso", "Perso\Perso.csproj", "{6E100C78-ECB7-401B-BC1B-07A261ED3879}"
EndProject
Project("{FAE04EC0-301F-11D3-BF4B-00C04F79EFBC}") = "Pong thread", "Pong thread\Pong thread.csproj", "{AE3E7A9D-AA6D-4244-8939-BA99E16AFDF8}"
EndProject
Project("{FAE04EC0-301F-11D3-BF4B-00C04F79EFBC}") = "Ouithreham", "Ouithreham\Ouithreham.csproj", "{B23B1C4F-30D2-4D45-9801-C5CEE1720678}"
EndProject
Project("{FAE04EC0-301F-11D3-BF4B-00C04F79EFBC}") = "ApiOuistreham CodeSource", "ApiOuistreham\ApiOuistreham CodeSource.csproj", "{C2483E2B-57FF-44EB-BA63-4F6C001EF25F}"
EndProject
Project("{FAE04EC0-301F-11D3-BF4B-00C04F79EFBC}") = "Bataille navale", "Bataille navale\Bataille navale.csproj", "{237674AC-D669-48F2-B10D-6CE6C51F8B58}"
EndProject
Project("{FAE04EC0-301F-11D3-BF4B-00C04F79EFBC}") = "Manipulation de fichier", "Manipulation de fichier\Manipulation de fichier.csproj", "{B661B9BF-5D99-48C4-B606-C3495B4CC77A}"
EndProject
Project("{FAE04EC0-301F-11D3-BF4B-00C04F79EFBC}") = "Classement", "Classement\Classement.csproj", "{957B3B12-1DF5-426D-B7AB-C2B77BB34629}"
EndProject
Project("{FAE04EC0-301F-11D3-BF4B-00C04F79EFBC}") = "test Client-Serveur", "test Client-Serveur\test Client-Serveur.csproj", "{6CCB3BE2-CA16-4AE5-879C-5509317D0897}"
EndProject
Project("{FAE04EC0-301F-11D3-BF4B-00C04F79EFBC}") = "P4", "P4\P4.csproj", "{02596CE1-99E3-48C3-A405-6519D1973EFB}"
EndProject
Project("{FAE04EC0-301F-11D3-BF4B-00C04F79EFBC}") = "IHM Tholdi", "IHM Tholdi\IHM Tholdi.csproj", "{199C0085-42C1-404B-8898-E70F93900717}"
EndProject
Project("{FAE04EC0-301F-11D3-BF4B-00C04F79EFBC}") = "Prog Obj", "Prog Obj\Prog Obj.csproj", "{F035423A-5C7C-45EF-9FFF-AC5714B9959C}"
EndProject
Project("{FAE04EC0-301F-11D3-BF4B-00C04F79EFBC}") = "test Client", "test Client\test Client.csproj", "{B58158A2-DC5A-491A-838E-683361ECD4B1}"
EndProject
Project("{FAE04EC0-301F-11D3-BF4B-00C04F79EFBC}") = "Circulation", "Circulation\Circulation.csproj", "{9A02D82E-6184-4B04-A614-B32333298FB7}"
EndProject
Project("{FAE04EC0-301F-11D3-BF4B-00C04F79EFBC}") = "TPBoite", "TPBoite\TPBoite.csproj", "{F61BB820-9680-402F-8645-C3A5F517907B}"
EndProject
Project("{FAE04EC0-301F-11D3-BF4B-00C04F79EFBC}") = "TP Employe et Magasion", "TP Employe et Magasion\TP Employe et Magasion.csproj", "{A79A4BB2-D038-4B3D-A68F-1F735C809B99}"
EndProject
Global
	GlobalSection(SolutionConfigurationPlatforms) = preSolution
		Debug|Any CPU = Debug|Any CPU
		Debug|x86 = Debug|x86
		Release|Any CPU = Release|Any CPU
		Release|x86 = Release|x86
	EndGlobalSection
	GlobalSection(ProjectConfigurationPlatforms) = postSolution
		{C85E00C9-49D9-48FB-BBA6-695CA16C7DA7}.Debug|Any CPU.ActiveCfg = Debug|Any CPU
		{C85E00C9-49D9-48FB-BBA6-695CA16C7DA7}.Debug|Any CPU.Build.0 = Debug|Any CPU
		{C85E00C9-49D9-48FB-BBA6-695CA16C7DA7}.Debug|x86.ActiveCfg = Debug|Any CPU
		{C85E00C9-49D9-48FB-BBA6-695CA16C7DA7}.Debug|x86.Build.0 = Debug|Any CPU
		{C85E00C9-49D9-48FB-BBA6-695CA16C7DA7}.Release|Any CPU.ActiveCfg = Release|Any CPU
		{C85E00C9-49D9-48FB-BBA6-695CA16C7DA7}.Release|Any CPU.Build.0 = Release|Any CPU
		{C85E00C9-49D9-48FB-BBA6-695CA16C7DA7}.Release|x86.ActiveCfg = Release|Any CPU
		{C85E00C9-49D9-48FB-BBA6-695CA16C7DA7}.Release|x86.Build.0 = Release|Any CPU
		{6D9832AA-8E05-4C68-86CE-EA81187DA4F6}.Debug|Any CPU.ActiveCfg = Debug|Any CPU
		{6D9832AA-8E05-4C68-86CE-EA81187DA4F6}.Debug|Any CPU.Build.0 = Debug|Any CPU
		{6D9832AA-8E05-4C68-86CE-EA81187DA4F6}.Debug|x86.ActiveCfg = Debug|Any CPU
		{6D9832AA-8E05-4C68-86CE-EA81187DA4F6}.Debug|x86.Build.0 = Debug|Any CPU
		{6D9832AA-8E05-4C68-86CE-EA81187DA4F6}.Release|Any CPU.ActiveCfg = Release|Any CPU
		{6D9832AA-8E05-4C68-86CE-EA81187DA4F6}.Release|Any CPU.Build.0 = Release|Any CPU
		{6D9832AA-8E05-4C68-86CE-EA81187DA4F6}.Release|x86.ActiveCfg = Release|Any CPU
		{6D9832AA-8E05-4C68-86CE-EA81187DA4F6}.Release|x86.Build.0 = Release|Any CPU
		{707314E3-98AF-4718-B51A-AF1BFD5A5C83}.Debug|Any CPU.ActiveCfg = Debug|Any CPU
		{707314E3-98AF-4718-B51A-AF1BFD5A5C83}.Debug|Any CPU.Build.0 = Debug|Any CPU
		{707314E3-98AF-4718-B51A-AF1BFD5A5C83}.Debug|x86.ActiveCfg = Debug|Any CPU
		{707314E3-98AF-4718-B51A-AF1BFD5A5C83}.Debug|x86.Build.0 = Debug|Any CPU
		{707314E3-98AF-4718-B51A-AF1BFD5A5C83}.Release|Any CPU.ActiveCfg = Release|Any CPU
		{707314E3-98AF-4718-B51A-AF1BFD5A5C83}.Release|Any CPU.Build.0 = Release|Any CPU
		{707314E3-98AF-4718-B51A-AF1BFD5A5C83}.Release|x86.ActiveCfg = Release|Any CPU
		{707314E3-98AF-4718-B51A-AF1BFD5A5C83}.Release|x86.Build.0 = Release|Any CPU
		{984A6496-A8C8-41AD-97EC-BC7753669459}.Debug|Any CPU.ActiveCfg = Debug|Any CPU
		{984A6496-A8C8-41AD-97EC-BC7753669459}.Debug|Any CPU.Build.0 = Debug|Any CPU
		{984A6496-A8C8-41AD-97EC-BC7753669459}.Debug|x86.ActiveCfg = Debug|Any CPU
		{984A6496-A8C8-41AD-97EC-BC7753669459}.Debug|x86.Build.0 = Debug|Any CPU
		{984A6496-A8C8-41AD-97EC-BC7753669459}.Release|Any CPU.ActiveCfg = Release|Any CPU
		{984A6496-A8C8-41AD-97EC-BC7753669459}.Release|Any CPU.Build.0 = Release|Any CPU
		{984A6496-A8C8-41AD-97EC-BC7753669459}.Release|x86.ActiveCfg = Release|Any CPU
		{984A6496-A8C8-41AD-97EC-BC7753669459}.Release|x86.Build.0 = Release|Any CPU
		{06284261-703E-41B8-B579-17378DE53CE1}.Debug|Any CPU.ActiveCfg = Debug|Any CPU
		{06284261-703E-41B8-B579-17378DE53CE1}.Debug|Any CPU.Build.0 = Debug|Any CPU
		{06284261-703E-41B8-B579-17378DE53CE1}.Debug|x86.ActiveCfg = Debug|Any CPU
		{06284261-703E-41B8-B579-17378DE53CE1}.Debug|x86.Build.0 = Debug|Any CPU
		{06284261-703E-41B8-B579-17378DE53CE1}.Release|Any CPU.ActiveCfg = Release|Any CPU
		{06284261-703E-41B8-B579-17378DE53CE1}.Release|Any CPU.Build.0 = Release|Any CPU
		{06284261-703E-41B8-B579-17378DE53CE1}.Release|x86.ActiveCfg = Release|Any CPU
		{06284261-703E-41B8-B579-17378DE53CE1}.Release|x86.Build.0 = Release|Any CPU
		{9192574D-A819-41B6-AB00-70B324AD5920}.Debug|Any CPU.ActiveCfg = Debug|Any CPU
		{9192574D-A819-41B6-AB00-70B324AD5920}.Debug|Any CPU.Build.0 = Debug|Any CPU
		{9192574D-A819-41B6-AB00-70B324AD5920}.Debug|x86.ActiveCfg = Debug|Any CPU
		{9192574D-A819-41B6-AB00-70B324AD5920}.Debug|x86.Build.0 = Debug|Any CPU
		{9192574D-A819-41B6-AB00-70B324AD5920}.Release|Any CPU.ActiveCfg = Release|Any CPU
		{9192574D-A819-41B6-AB00-70B324AD5920}.Release|Any CPU.Build.0 = Release|Any CPU
		{9192574D-A819-41B6-AB00-70B324AD5920}.Release|x86.ActiveCfg = Release|Any CPU
		{9192574D-A819-41B6-AB00-70B324AD5920}.Release|x86.Build.0 = Release|Any CPU
		{CF1079BC-0591-4DA6-90D8-32D4A44376F6}.Debug|Any CPU.ActiveCfg = Debug|Any CPU
		{CF1079BC-0591-4DA6-90D8-32D4A44376F6}.Debug|Any CPU.Build.0 = Debug|Any CPU
		{CF1079BC-0591-4DA6-90D8-32D4A44376F6}.Debug|x86.ActiveCfg = Debug|Any CPU
		{CF1079BC-0591-4DA6-90D8-32D4A44376F6}.Debug|x86.Build.0 = Debug|Any CPU
		{CF1079BC-0591-4DA6-90D8-32D4A44376F6}.Release|Any CPU.ActiveCfg = Release|Any CPU
		{CF1079BC-0591-4DA6-90D8-32D4A44376F6}.Release|Any CPU.Build.0 = Release|Any CPU
		{CF1079BC-0591-4DA6-90D8-32D4A44376F6}.Release|x86.ActiveCfg = Release|Any CPU
		{CF1079BC-0591-4DA6-90D8-32D4A44376F6}.Release|x86.Build.0 = Release|Any CPU
		{88EE05FD-A115-4A9B-8FD4-39DA71D82571}.Debug|Any CPU.ActiveCfg = Debug|Any CPU
		{88EE05FD-A115-4A9B-8FD4-39DA71D82571}.Debug|Any CPU.Build.0 = Debug|Any CPU
		{88EE05FD-A115-4A9B-8FD4-39DA71D82571}.Debug|x86.ActiveCfg = Debug|Any CPU
		{88EE05FD-A115-4A9B-8FD4-39DA71D82571}.Debug|x86.Build.0 = Debug|Any CPU
		{88EE05FD-A115-4A9B-8FD4-39DA71D82571}.Release|Any CPU.ActiveCfg = Release|Any CPU
		{88EE05FD-A115-4A9B-8FD4-39DA71D82571}.Release|Any CPU.Build.0 = Release|Any CPU
		{88EE05FD-A115-4A9B-8FD4-39DA71D82571}.Release|x86.ActiveCfg = Release|Any CPU
		{88EE05FD-A115-4A9B-8FD4-39DA71D82571}.Release|x86.Build.0 = Release|Any CPU
		{E85DBB85-BC0E-4D4B-9669-4DB971985B70}.Debug|Any CPU.ActiveCfg = Debug|Any CPU
		{E85DBB85-BC0E-4D4B-9669-4DB971985B70}.Debug|Any CPU.Build.0 = Debug|Any CPU
		{E85DBB85-BC0E-4D4B-9669-4DB971985B70}.Debug|x86.ActiveCfg = Debug|Any CPU
		{E85DBB85-BC0E-4D4B-9669-4DB971985B70}.Debug|x86.Build.0 = Debug|Any CPU
		{E85DBB85-BC0E-4D4B-9669-4DB971985B70}.Release|Any CPU.ActiveCfg = Release|Any CPU
		{E85DBB85-BC0E-4D4B-9669-4DB971985B70}.Release|Any CPU.Build.0 = Release|Any CPU
		{E85DBB85-BC0E-4D4B-9669-4DB971985B70}.Release|x86.ActiveCfg = Release|Any CPU
		{E85DBB85-BC0E-4D4B-9669-4DB971985B70}.Release|x86.Build.0 = Release|Any CPU
		{25BBED48-5D17-4EE8-9EAF-0D038C3C7EC3}.Debug|Any CPU.ActiveCfg = Debug|Any CPU
		{25BBED48-5D17-4EE8-9EAF-0D038C3C7EC3}.Debug|Any CPU.Build.0 = Debug|Any CPU
		{25BBED48-5D17-4EE8-9EAF-0D038C3C7EC3}.Debug|x86.ActiveCfg = Debug|Any CPU
		{25BBED48-5D17-4EE8-9EAF-0D038C3C7EC3}.Debug|x86.Build.0 = Debug|Any CPU
		{25BBED48-5D17-4EE8-9EAF-0D038C3C7EC3}.Release|Any CPU.ActiveCfg = Release|Any CPU
		{25BBED48-5D17-4EE8-9EAF-0D038C3C7EC3}.Release|Any CPU.Build.0 = Release|Any CPU
		{25BBED48-5D17-4EE8-9EAF-0D038C3C7EC3}.Release|x86.ActiveCfg = Release|Any CPU
		{25BBED48-5D17-4EE8-9EAF-0D038C3C7EC3}.Release|x86.Build.0 = Release|Any CPU
		{4B9CBF13-79CD-4B74-85E1-69CB25D223F5}.Debug|Any CPU.ActiveCfg = Debug|Any CPU
		{4B9CBF13-79CD-4B74-85E1-69CB25D223F5}.Debug|Any CPU.Build.0 = Debug|Any CPU
		{4B9CBF13-79CD-4B74-85E1-69CB25D223F5}.Debug|x86.ActiveCfg = Debug|Any CPU
		{4B9CBF13-79CD-4B74-85E1-69CB25D223F5}.Debug|x86.Build.0 = Debug|Any CPU
		{4B9CBF13-79CD-4B74-85E1-69CB25D223F5}.Release|Any CPU.ActiveCfg = Release|Any CPU
		{4B9CBF13-79CD-4B74-85E1-69CB25D223F5}.Release|Any CPU.Build.0 = Release|Any CPU
		{4B9CBF13-79CD-4B74-85E1-69CB25D223F5}.Release|x86.ActiveCfg = Release|Any CPU
		{4B9CBF13-79CD-4B74-85E1-69CB25D223F5}.Release|x86.Build.0 = Release|Any CPU
		{196420C2-7100-488A-8CB9-AFCC83BA545C}.Debug|Any CPU.ActiveCfg = Debug|x86
		{196420C2-7100-488A-8CB9-AFCC83BA545C}.Debug|x86.ActiveCfg = Debug|x86
		{196420C2-7100-488A-8CB9-AFCC83BA545C}.Debug|x86.Build.0 = Debug|x86
		{196420C2-7100-488A-8CB9-AFCC83BA545C}.Release|Any CPU.ActiveCfg = Release|x86
		{196420C2-7100-488A-8CB9-AFCC83BA545C}.Release|x86.ActiveCfg = Release|x86
		{196420C2-7100-488A-8CB9-AFCC83BA545C}.Release|x86.Build.0 = Release|x86
		{40C14DD3-568D-4919-A47E-A815678D70D1}.Debug|Any CPU.ActiveCfg = Debug|x86
		{40C14DD3-568D-4919-A47E-A815678D70D1}.Debug|x86.ActiveCfg = Debug|x86
		{40C14DD3-568D-4919-A47E-A815678D70D1}.Debug|x86.Build.0 = Debug|x86
		{40C14DD3-568D-4919-A47E-A815678D70D1}.Release|Any CPU.ActiveCfg = Release|x86
		{40C14DD3-568D-4919-A47E-A815678D70D1}.Release|x86.ActiveCfg = Release|x86
		{40C14DD3-568D-4919-A47E-A815678D70D1}.Release|x86.Build.0 = Release|x86
		{C833FBCF-6102-44DA-990E-871C5F7AE7CD}.Debug|Any CPU.ActiveCfg = Debug|Any CPU
		{C833FBCF-6102-44DA-990E-871C5F7AE7CD}.Debug|Any CPU.Build.0 = Debug|Any CPU
		{C833FBCF-6102-44DA-990E-871C5F7AE7CD}.Debug|x86.ActiveCfg = Debug|Any CPU
		{C833FBCF-6102-44DA-990E-871C5F7AE7CD}.Debug|x86.Build.0 = Debug|Any CPU
		{C833FBCF-6102-44DA-990E-871C5F7AE7CD}.Release|Any CPU.ActiveCfg = Release|Any CPU
		{C833FBCF-6102-44DA-990E-871C5F7AE7CD}.Release|Any CPU.Build.0 = Release|Any CPU
		{C833FBCF-6102-44DA-990E-871C5F7AE7CD}.Release|x86.ActiveCfg = Release|Any CPU
		{C833FBCF-6102-44DA-990E-871C5F7AE7CD}.Release|x86.Build.0 = Release|Any CPU
		{6E100C78-ECB7-401B-BC1B-07A261ED3879}.Debug|Any CPU.ActiveCfg = Debug|Any CPU
		{6E100C78-ECB7-401B-BC1B-07A261ED3879}.Debug|Any CPU.Build.0 = Debug|Any CPU
		{6E100C78-ECB7-401B-BC1B-07A261ED3879}.Debug|x86.ActiveCfg = Debug|Any CPU
		{6E100C78-ECB7-401B-BC1B-07A261ED3879}.Debug|x86.Build.0 = Debug|Any CPU
		{6E100C78-ECB7-401B-BC1B-07A261ED3879}.Release|Any CPU.ActiveCfg = Release|Any CPU
		{6E100C78-ECB7-401B-BC1B-07A261ED3879}.Release|Any CPU.Build.0 = Release|Any CPU
		{6E100C78-ECB7-401B-BC1B-07A261ED3879}.Release|x86.ActiveCfg = Release|Any CPU
		{6E100C78-ECB7-401B-BC1B-07A261ED3879}.Release|x86.Build.0 = Release|Any CPU
		{AE3E7A9D-AA6D-4244-8939-BA99E16AFDF8}.Debug|Any CPU.ActiveCfg = Debug|Any CPU
		{AE3E7A9D-AA6D-4244-8939-BA99E16AFDF8}.Debug|Any CPU.Build.0 = Debug|Any CPU
		{AE3E7A9D-AA6D-4244-8939-BA99E16AFDF8}.Debug|x86.ActiveCfg = Debug|Any CPU
		{AE3E7A9D-AA6D-4244-8939-BA99E16AFDF8}.Debug|x86.Build.0 = Debug|Any CPU
		{AE3E7A9D-AA6D-4244-8939-BA99E16AFDF8}.Release|Any CPU.ActiveCfg = Release|Any CPU
		{AE3E7A9D-AA6D-4244-8939-BA99E16AFDF8}.Release|Any CPU.Build.0 = Release|Any CPU
		{AE3E7A9D-AA6D-4244-8939-BA99E16AFDF8}.Release|x86.ActiveCfg = Release|Any CPU
		{AE3E7A9D-AA6D-4244-8939-BA99E16AFDF8}.Release|x86.Build.0 = Release|Any CPU
		{B23B1C4F-30D2-4D45-9801-C5CEE1720678}.Debug|Any CPU.ActiveCfg = Debug|Any CPU
		{B23B1C4F-30D2-4D45-9801-C5CEE1720678}.Debug|Any CPU.Build.0 = Debug|Any CPU
		{B23B1C4F-30D2-4D45-9801-C5CEE1720678}.Debug|x86.ActiveCfg = Debug|Any CPU
		{B23B1C4F-30D2-4D45-9801-C5CEE1720678}.Debug|x86.Build.0 = Debug|Any CPU
		{B23B1C4F-30D2-4D45-9801-C5CEE1720678}.Release|Any CPU.ActiveCfg = Release|Any CPU
		{B23B1C4F-30D2-4D45-9801-C5CEE1720678}.Release|Any CPU.Build.0 = Release|Any CPU
		{B23B1C4F-30D2-4D45-9801-C5CEE1720678}.Release|x86.ActiveCfg = Release|Any CPU
		{B23B1C4F-30D2-4D45-9801-C5CEE1720678}.Release|x86.Build.0 = Release|Any CPU
		{C2483E2B-57FF-44EB-BA63-4F6C001EF25F}.Debug|Any CPU.ActiveCfg = Debug|Any CPU
		{C2483E2B-57FF-44EB-BA63-4F6C001EF25F}.Debug|Any CPU.Build.0 = Debug|Any CPU
		{C2483E2B-57FF-44EB-BA63-4F6C001EF25F}.Debug|x86.ActiveCfg = Debug|Any CPU
		{C2483E2B-57FF-44EB-BA63-4F6C001EF25F}.Debug|x86.Build.0 = Debug|Any CPU
		{C2483E2B-57FF-44EB-BA63-4F6C001EF25F}.Release|Any CPU.ActiveCfg = Release|Any CPU
		{C2483E2B-57FF-44EB-BA63-4F6C001EF25F}.Release|Any CPU.Build.0 = Release|Any CPU
		{C2483E2B-57FF-44EB-BA63-4F6C001EF25F}.Release|x86.ActiveCfg = Release|Any CPU
		{C2483E2B-57FF-44EB-BA63-4F6C001EF25F}.Release|x86.Build.0 = Release|Any CPU
		{237674AC-D669-48F2-B10D-6CE6C51F8B58}.Debug|Any CPU.ActiveCfg = Debug|Any CPU
		{237674AC-D669-48F2-B10D-6CE6C51F8B58}.Debug|Any CPU.Build.0 = Debug|Any CPU
		{237674AC-D669-48F2-B10D-6CE6C51F8B58}.Debug|x86.ActiveCfg = Debug|Any CPU
		{237674AC-D669-48F2-B10D-6CE6C51F8B58}.Debug|x86.Build.0 = Debug|Any CPU
		{237674AC-D669-48F2-B10D-6CE6C51F8B58}.Release|Any CPU.ActiveCfg = Release|Any CPU
		{237674AC-D669-48F2-B10D-6CE6C51F8B58}.Release|Any CPU.Build.0 = Release|Any CPU
		{237674AC-D669-48F2-B10D-6CE6C51F8B58}.Release|x86.ActiveCfg = Release|Any CPU
		{237674AC-D669-48F2-B10D-6CE6C51F8B58}.Release|x86.Build.0 = Release|Any CPU
		{B661B9BF-5D99-48C4-B606-C3495B4CC77A}.Debug|Any CPU.ActiveCfg = Debug|Any CPU
		{B661B9BF-5D99-48C4-B606-C3495B4CC77A}.Debug|Any CPU.Build.0 = Debug|Any CPU
		{B661B9BF-5D99-48C4-B606-C3495B4CC77A}.Debug|x86.ActiveCfg = Debug|Any CPU
		{B661B9BF-5D99-48C4-B606-C3495B4CC77A}.Debug|x86.Build.0 = Debug|Any CPU
		{B661B9BF-5D99-48C4-B606-C3495B4CC77A}.Release|Any CPU.ActiveCfg = Release|Any CPU
		{B661B9BF-5D99-48C4-B606-C3495B4CC77A}.Release|Any CPU.Build.0 = Release|Any CPU
		{B661B9BF-5D99-48C4-B606-C3495B4CC77A}.Release|x86.ActiveCfg = Release|Any CPU
		{B661B9BF-5D99-48C4-B606-C3495B4CC77A}.Release|x86.Build.0 = Release|Any CPU
		{957B3B12-1DF5-426D-B7AB-C2B77BB34629}.Debug|Any CPU.ActiveCfg = Debug|Any CPU
		{957B3B12-1DF5-426D-B7AB-C2B77BB34629}.Debug|Any CPU.Build.0 = Debug|Any CPU
		{957B3B12-1DF5-426D-B7AB-C2B77BB34629}.Debug|x86.ActiveCfg = Debug|Any CPU
		{957B3B12-1DF5-426D-B7AB-C2B77BB34629}.Debug|x86.Build.0 = Debug|Any CPU
		{957B3B12-1DF5-426D-B7AB-C2B77BB34629}.Release|Any CPU.ActiveCfg = Release|Any CPU
		{957B3B12-1DF5-426D-B7AB-C2B77BB34629}.Release|Any CPU.Build.0 = Release|Any CPU
		{957B3B12-1DF5-426D-B7AB-C2B77BB34629}.Release|x86.ActiveCfg = Release|Any CPU
		{957B3B12-1DF5-426D-B7AB-C2B77BB34629}.Release|x86.Build.0 = Release|Any CPU
		{6CCB3BE2-CA16-4AE5-879C-5509317D0897}.Debug|Any CPU.ActiveCfg = Debug|Any CPU
		{6CCB3BE2-CA16-4AE5-879C-5509317D0897}.Debug|Any CPU.Build.0 = Debug|Any CPU
		{6CCB3BE2-CA16-4AE5-879C-5509317D0897}.Debug|x86.ActiveCfg = Debug|Any CPU
		{6CCB3BE2-CA16-4AE5-879C-5509317D0897}.Debug|x86.Build.0 = Debug|Any CPU
		{6CCB3BE2-CA16-4AE5-879C-5509317D0897}.Release|Any CPU.ActiveCfg = Release|Any CPU
		{6CCB3BE2-CA16-4AE5-879C-5509317D0897}.Release|Any CPU.Build.0 = Release|Any CPU
		{6CCB3BE2-CA16-4AE5-879C-5509317D0897}.Release|x86.ActiveCfg = Release|Any CPU
		{6CCB3BE2-CA16-4AE5-879C-5509317D0897}.Release|x86.Build.0 = Release|Any CPU
		{02596CE1-99E3-48C3-A405-6519D1973EFB}.Debug|Any CPU.ActiveCfg = Debug|Any CPU
		{02596CE1-99E3-48C3-A405-6519D1973EFB}.Debug|Any CPU.Build.0 = Debug|Any CPU
		{02596CE1-99E3-48C3-A405-6519D1973EFB}.Debug|x86.ActiveCfg = Debug|Any CPU
		{02596CE1-99E3-48C3-A405-6519D1973EFB}.Debug|x86.Build.0 = Debug|Any CPU
		{02596CE1-99E3-48C3-A405-6519D1973EFB}.Release|Any CPU.ActiveCfg = Release|Any CPU
		{02596CE1-99E3-48C3-A405-6519D1973EFB}.Release|Any CPU.Build.0 = Release|Any CPU
		{02596CE1-99E3-48C3-A405-6519D1973EFB}.Release|x86.ActiveCfg = Release|Any CPU
		{02596CE1-99E3-48C3-A405-6519D1973EFB}.Release|x86.Build.0 = Release|Any CPU
		{199C0085-42C1-404B-8898-E70F93900717}.Debug|Any CPU.ActiveCfg = Debug|Any CPU
		{199C0085-42C1-404B-8898-E70F93900717}.Debug|Any CPU.Build.0 = Debug|Any CPU
		{199C0085-42C1-404B-8898-E70F93900717}.Debug|x86.ActiveCfg = Debug|Any CPU
		{199C0085-42C1-404B-8898-E70F93900717}.Debug|x86.Build.0 = Debug|Any CPU
		{199C0085-42C1-404B-8898-E70F93900717}.Release|Any CPU.ActiveCfg = Release|Any CPU
		{199C0085-42C1-404B-8898-E70F93900717}.Release|Any CPU.Build.0 = Release|Any CPU
		{199C0085-42C1-404B-8898-E70F93900717}.Release|x86.ActiveCfg = Release|Any CPU
		{199C0085-42C1-404B-8898-E70F93900717}.Release|x86.Build.0 = Release|Any CPU
		{F035423A-5C7C-45EF-9FFF-AC5714B9959C}.Debug|Any CPU.ActiveCfg = Debug|Any CPU
		{F035423A-5C7C-45EF-9FFF-AC5714B9959C}.Debug|Any CPU.Build.0 = Debug|Any CPU
		{F035423A-5C7C-45EF-9FFF-AC5714B9959C}.Debug|x86.ActiveCfg = Debug|Any CPU
		{F035423A-5C7C-45EF-9FFF-AC5714B9959C}.Debug|x86.Build.0 = Debug|Any CPU
		{F035423A-5C7C-45EF-9FFF-AC5714B9959C}.Release|Any CPU.ActiveCfg = Release|Any CPU
		{F035423A-5C7C-45EF-9FFF-AC5714B9959C}.Release|Any CPU.Build.0 = Release|Any CPU
		{F035423A-5C7C-45EF-9FFF-AC5714B9959C}.Release|x86.ActiveCfg = Release|Any CPU
		{F035423A-5C7C-45EF-9FFF-AC5714B9959C}.Release|x86.Build.0 = Release|Any CPU
		{B58158A2-DC5A-491A-838E-683361ECD4B1}.Debug|Any CPU.ActiveCfg = Debug|Any CPU
		{B58158A2-DC5A-491A-838E-683361ECD4B1}.Debug|Any CPU.Build.0 = Debug|Any CPU
		{B58158A2-DC5A-491A-838E-683361ECD4B1}.Debug|x86.ActiveCfg = Debug|Any CPU
		{B58158A2-DC5A-491A-838E-683361ECD4B1}.Debug|x86.Build.0 = Debug|Any CPU
		{B58158A2-DC5A-491A-838E-683361ECD4B1}.Release|Any CPU.ActiveCfg = Release|Any CPU
		{B58158A2-DC5A-491A-838E-683361ECD4B1}.Release|Any CPU.Build.0 = Release|Any CPU
		{B58158A2-DC5A-491A-838E-683361ECD4B1}.Release|x86.ActiveCfg = Release|Any CPU
		{B58158A2-DC5A-491A-838E-683361ECD4B1}.Release|x86.Build.0 = Release|Any CPU
		{9A02D82E-6184-4B04-A614-B32333298FB7}.Debug|Any CPU.ActiveCfg = Debug|Any CPU
		{9A02D82E-6184-4B04-A614-B32333298FB7}.Debug|Any CPU.Build.0 = Debug|Any CPU
		{9A02D82E-6184-4B04-A614-B32333298FB7}.Debug|x86.ActiveCfg = Debug|Any CPU
		{9A02D82E-6184-4B04-A614-B32333298FB7}.Debug|x86.Build.0 = Debug|Any CPU
		{9A02D82E-6184-4B04-A614-B32333298FB7}.Release|Any CPU.ActiveCfg = Release|Any CPU
		{9A02D82E-6184-4B04-A614-B32333298FB7}.Release|Any CPU.Build.0 = Release|Any CPU
		{9A02D82E-6184-4B04-A614-B32333298FB7}.Release|x86.ActiveCfg = Release|Any CPU
		{9A02D82E-6184-4B04-A614-B32333298FB7}.Release|x86.Build.0 = Release|Any CPU
		{F61BB820-9680-402F-8645-C3A5F517907B}.Debug|Any CPU.ActiveCfg = Debug|Any CPU
		{F61BB820-9680-402F-8645-C3A5F517907B}.Debug|Any CPU.Build.0 = Debug|Any CPU
		{F61BB820-9680-402F-8645-C3A5F517907B}.Debug|x86.ActiveCfg = Debug|Any CPU
		{F61BB820-9680-402F-8645-C3A5F517907B}.Debug|x86.Build.0 = Debug|Any CPU
		{F61BB820-9680-402F-8645-C3A5F517907B}.Release|Any CPU.ActiveCfg = Release|Any CPU
		{F61BB820-9680-402F-8645-C3A5F517907B}.Release|Any CPU.Build.0 = Release|Any CPU
		{F61BB820-9680-402F-8645-C3A5F517907B}.Release|x86.ActiveCfg = Release|Any CPU
		{F61BB820-9680-402F-8645-C3A5F517907B}.Release|x86.Build.0 = Release|Any CPU
		{A79A4BB2-D038-4B3D-A68F-1F735C809B99}.Debug|Any CPU.ActiveCfg = Debug|Any CPU
		{A79A4BB2-D038-4B3D-A68F-1F735C809B99}.Debug|Any CPU.Build.0 = Debug|Any CPU
		{A79A4BB2-D038-4B3D-A68F-1F735C809B99}.Debug|x86.ActiveCfg = Debug|Any CPU
		{A79A4BB2-D038-4B3D-A68F-1F735C809B99}.Debug|x86.Build.0 = Debug|Any CPU
		{A79A4BB2-D038-4B3D-A68F-1F735C809B99}.Release|Any CPU.ActiveCfg = Release|Any CPU
		{A79A4BB2-D038-4B3D-A68F-1F735C809B99}.Release|Any CPU.Build.0 = Release|Any CPU
		{A79A4BB2-D038-4B3D-A68F-1F735C809B99}.Release|x86.ActiveCfg = Release|Any CPU
		{A79A4BB2-D038-4B3D-A68F-1F735C809B99}.Release|x86.Build.0 = Release|Any CPU
	EndGlobalSection
	GlobalSection(SolutionProperties) = preSolution
		HideSolutionNode = FALSE
	EndGlobalSection
	GlobalSection(ExtensibilityGlobals) = postSolution
		SolutionGuid = {BF7FF10E-7823-4E8E-8A46-2974D882193D}
	EndGlobalSection
EndGlobal
